
Microsoft Visual Studio Solution File, Format Version 12.00
# Visual Studio Version 17
VisualStudioVersion = 17.1.32319.34
MinimumVisualStudioVersion = 10.0.40219.1
Project("{FAE04EC0-301F-11D3-BF4B-00C04F79EFBC}") = "Destructor", "Destructor\Destructor.csproj", "{79A30AC9-5E2A-41C4-A657-3F9F6DDDFD59}"
EndProject
Global
	GlobalSection(SolutionConfigurationPlatforms) = preSolution
		Debug|Any CPU = Debug|Any CPU
		Release|Any CPU = Release|Any CPU
	EndGlobalSection
	GlobalSection(ProjectConfigurationPlatforms) = postSolution
		{79A30AC9-5E2A-41C4-A657-3F9F6DDDFD59}.Debug|Any CPU.ActiveCfg = Debug|Any CPU
		{79A30AC9-5E2A-41C4-A657-3F9F6DDDFD59}.Debug|Any CPU.Build.0 = Debug|Any CPU
		{79A30AC9-5E2A-41C4-A657-3F9F6DDDFD59}.Release|Any CPU.ActiveCfg = Release|Any CPU
		{79A30AC9-5E2A-41C4-A657-3F9F6DDDFD59}.Release|Any CPU.Build.0 = Release|Any CPU
	EndGlobalSection
	GlobalSection(SolutionProperties) = preSolution
		HideSolutionNode = FALSE
	EndGlobalSection
	GlobalSection(ExtensibilityGlobals) = postSolution
		SolutionGuid = {AF4CFE77-E512-46F7-A851-02F3C86F25E7}
	EndGlobalSection
EndGlobal
