
Microsoft Visual Studio Solution File, Format Version 12.00
# Visual Studio Version 17
VisualStudioVersion = 17.1.32328.378
MinimumVisualStudioVersion = 10.0.40219.1
Project("{FAE04EC0-301F-11D3-BF4B-00C04F79EFBC}") = "LinkedList", "LinkedList\LinkedList.csproj", "{03DA0813-ED2C-4531-AED0-7BC2962CD35E}"
EndProject
Global
	GlobalSection(SolutionConfigurationPlatforms) = preSolution
		Debug|Any CPU = Debug|Any CPU
		Release|Any CPU = Release|Any CPU
	EndGlobalSection
	GlobalSection(ProjectConfigurationPlatforms) = postSolution
		{03DA0813-ED2C-4531-AED0-7BC2962CD35E}.Debug|Any CPU.ActiveCfg = Debug|Any CPU
		{03DA0813-ED2C-4531-AED0-7BC2962CD35E}.Debug|Any CPU.Build.0 = Debug|Any CPU
		{03DA0813-ED2C-4531-AED0-7BC2962CD35E}.Release|Any CPU.ActiveCfg = Release|Any CPU
		{03DA0813-ED2C-4531-AED0-7BC2962CD35E}.Release|Any CPU.Build.0 = Release|Any CPU
	EndGlobalSection
	GlobalSection(SolutionProperties) = preSolution
		HideSolutionNode = FALSE
	EndGlobalSection
	GlobalSection(ExtensibilityGlobals) = postSolution
		SolutionGuid = {D77C82E3-2AC3-4D01-A7B2-2E4F287EEE05}
	EndGlobalSection
EndGlobal
