
Microsoft Visual Studio Solution File, Format Version 12.00
# Visual Studio Version 17
VisualStudioVersion = 17.1.32319.34
MinimumVisualStudioVersion = 10.0.40219.1
Project("{FAE04EC0-301F-11D3-BF4B-00C04F79EFBC}") = "Sealed", "Sealed\Sealed.csproj", "{86F0BBF1-3C2F-41F1-8DE0-00546ADB2437}"
EndProject
Global
	GlobalSection(SolutionConfigurationPlatforms) = preSolution
		Debug|Any CPU = Debug|Any CPU
		Release|Any CPU = Release|Any CPU
	EndGlobalSection
	GlobalSection(ProjectConfigurationPlatforms) = postSolution
		{86F0BBF1-3C2F-41F1-8DE0-00546ADB2437}.Debug|Any CPU.ActiveCfg = Debug|Any CPU
		{86F0BBF1-3C2F-41F1-8DE0-00546ADB2437}.Debug|Any CPU.Build.0 = Debug|Any CPU
		{86F0BBF1-3C2F-41F1-8DE0-00546ADB2437}.Release|Any CPU.ActiveCfg = Release|Any CPU
		{86F0BBF1-3C2F-41F1-8DE0-00546ADB2437}.Release|Any CPU.Build.0 = Release|Any CPU
	EndGlobalSection
	GlobalSection(SolutionProperties) = preSolution
		HideSolutionNode = FALSE
	EndGlobalSection
	GlobalSection(ExtensibilityGlobals) = postSolution
		SolutionGuid = {3FF500BF-97A0-4C99-8EF3-382E012E3C6F}
	EndGlobalSection
EndGlobal
