
Microsoft Visual Studio Solution File, Format Version 12.00
# Visual Studio Version 17
VisualStudioVersion = 17.1.32319.34
MinimumVisualStudioVersion = 10.0.40219.1
Project("{FAE04EC0-301F-11D3-BF4B-00C04F79EFBC}") = "StaticClass", "StaticClass\StaticClass.csproj", "{66409DCA-0148-4C87-9EEA-C43B07F00953}"
EndProject
Global
	GlobalSection(SolutionConfigurationPlatforms) = preSolution
		Debug|Any CPU = Debug|Any CPU
		Release|Any CPU = Release|Any CPU
	EndGlobalSection
	GlobalSection(ProjectConfigurationPlatforms) = postSolution
		{66409DCA-0148-4C87-9EEA-C43B07F00953}.Debug|Any CPU.ActiveCfg = Debug|Any CPU
		{66409DCA-0148-4C87-9EEA-C43B07F00953}.Debug|Any CPU.Build.0 = Debug|Any CPU
		{66409DCA-0148-4C87-9EEA-C43B07F00953}.Release|Any CPU.ActiveCfg = Release|Any CPU
		{66409DCA-0148-4C87-9EEA-C43B07F00953}.Release|Any CPU.Build.0 = Release|Any CPU
	EndGlobalSection
	GlobalSection(SolutionProperties) = preSolution
		HideSolutionNode = FALSE
	EndGlobalSection
	GlobalSection(ExtensibilityGlobals) = postSolution
		SolutionGuid = {D9CD0E5D-CDF3-4932-BFF7-28748C87DBB8}
	EndGlobalSection
EndGlobal
