
Microsoft Visual Studio Solution File, Format Version 12.00
# Visual Studio Version 17
VisualStudioVersion = 17.1.32328.378
MinimumVisualStudioVersion = 10.0.40219.1
Project("{FAE04EC0-301F-11D3-BF4B-00C04F79EFBC}") = "DirectoryInfo", "DirectoryInfo\DirectoryInfo.csproj", "{6A9595D4-692F-4848-80F4-201AEBF840ED}"
EndProject
Global
	GlobalSection(SolutionConfigurationPlatforms) = preSolution
		Debug|Any CPU = Debug|Any CPU
		Release|Any CPU = Release|Any CPU
	EndGlobalSection
	GlobalSection(ProjectConfigurationPlatforms) = postSolution
		{6A9595D4-692F-4848-80F4-201AEBF840ED}.Debug|Any CPU.ActiveCfg = Debug|Any CPU
		{6A9595D4-692F-4848-80F4-201AEBF840ED}.Debug|Any CPU.Build.0 = Debug|Any CPU
		{6A9595D4-692F-4848-80F4-201AEBF840ED}.Release|Any CPU.ActiveCfg = Release|Any CPU
		{6A9595D4-692F-4848-80F4-201AEBF840ED}.Release|Any CPU.Build.0 = Release|Any CPU
	EndGlobalSection
	GlobalSection(SolutionProperties) = preSolution
		HideSolutionNode = FALSE
	EndGlobalSection
	GlobalSection(ExtensibilityGlobals) = postSolution
		SolutionGuid = {EAB0B9E2-0ABF-49FF-A8BD-F290E2030149}
	EndGlobalSection
EndGlobal
