
Microsoft Visual Studio Solution File, Format Version 12.00
# Visual Studio Version 17
VisualStudioVersion = 17.1.32319.34
MinimumVisualStudioVersion = 10.0.40219.1
Project("{FAE04EC0-301F-11D3-BF4B-00C04F79EFBC}") = "Filestream", "Filestream\Filestream.csproj", "{7181045A-6F9F-4570-96D3-8F4A717F17BC}"
EndProject
Global
	GlobalSection(SolutionConfigurationPlatforms) = preSolution
		Debug|Any CPU = Debug|Any CPU
		Release|Any CPU = Release|Any CPU
	EndGlobalSection
	GlobalSection(ProjectConfigurationPlatforms) = postSolution
		{7181045A-6F9F-4570-96D3-8F4A717F17BC}.Debug|Any CPU.ActiveCfg = Debug|Any CPU
		{7181045A-6F9F-4570-96D3-8F4A717F17BC}.Debug|Any CPU.Build.0 = Debug|Any CPU
		{7181045A-6F9F-4570-96D3-8F4A717F17BC}.Release|Any CPU.ActiveCfg = Release|Any CPU
		{7181045A-6F9F-4570-96D3-8F4A717F17BC}.Release|Any CPU.Build.0 = Release|Any CPU
	EndGlobalSection
	GlobalSection(SolutionProperties) = preSolution
		HideSolutionNode = FALSE
	EndGlobalSection
	GlobalSection(ExtensibilityGlobals) = postSolution
		SolutionGuid = {CC006A42-FB67-4A9E-969C-1AE0DA267CDB}
	EndGlobalSection
EndGlobal
