
Microsoft Visual Studio Solution File, Format Version 12.00
# Visual Studio Version 17
VisualStudioVersion = 17.2.32602.215
MinimumVisualStudioVersion = 10.0.40219.1
Project("{FAE04EC0-301F-11D3-BF4B-00C04F79EFBC}") = "Interview", "Interview\Interview.csproj", "{01165810-47B4-4939-B122-17FB936512DF}"
EndProject
Global
	GlobalSection(SolutionConfigurationPlatforms) = preSolution
		Debug|Any CPU = Debug|Any CPU
		Release|Any CPU = Release|Any CPU
	EndGlobalSection
	GlobalSection(ProjectConfigurationPlatforms) = postSolution
		{01165810-47B4-4939-B122-17FB936512DF}.Debug|Any CPU.ActiveCfg = Debug|Any CPU
		{01165810-47B4-4939-B122-17FB936512DF}.Debug|Any CPU.Build.0 = Debug|Any CPU
		{01165810-47B4-4939-B122-17FB936512DF}.Release|Any CPU.ActiveCfg = Release|Any CPU
		{01165810-47B4-4939-B122-17FB936512DF}.Release|Any CPU.Build.0 = Release|Any CPU
	EndGlobalSection
	GlobalSection(SolutionProperties) = preSolution
		HideSolutionNode = FALSE
	EndGlobalSection
	GlobalSection(ExtensibilityGlobals) = postSolution
		SolutionGuid = {DE98A2FB-0BB7-41F3-AEFD-EB4A2D98B966}
	EndGlobalSection
EndGlobal
