
Microsoft Visual Studio Solution File, Format Version 12.00
# Visual Studio Version 17
VisualStudioVersion = 17.1.32319.34
MinimumVisualStudioVersion = 10.0.40219.1
Project("{FAE04EC0-301F-11D3-BF4B-00C04F79EFBC}") = "MemberOverloading", "MemberOverloading\MemberOverloading.csproj", "{8BD67F21-CA10-49C8-9B20-C2C8940861D5}"
EndProject
Global
	GlobalSection(SolutionConfigurationPlatforms) = preSolution
		Debug|Any CPU = Debug|Any CPU
		Release|Any CPU = Release|Any CPU
	EndGlobalSection
	GlobalSection(ProjectConfigurationPlatforms) = postSolution
		{8BD67F21-CA10-49C8-9B20-C2C8940861D5}.Debug|Any CPU.ActiveCfg = Debug|Any CPU
		{8BD67F21-CA10-49C8-9B20-C2C8940861D5}.Debug|Any CPU.Build.0 = Debug|Any CPU
		{8BD67F21-CA10-49C8-9B20-C2C8940861D5}.Release|Any CPU.ActiveCfg = Release|Any CPU
		{8BD67F21-CA10-49C8-9B20-C2C8940861D5}.Release|Any CPU.Build.0 = Release|Any CPU
	EndGlobalSection
	GlobalSection(SolutionProperties) = preSolution
		HideSolutionNode = FALSE
	EndGlobalSection
	GlobalSection(ExtensibilityGlobals) = postSolution
		SolutionGuid = {1FF1FB7E-084A-4974-AC5C-701DF75F1096}
	EndGlobalSection
EndGlobal
