
Microsoft Visual Studio Solution File, Format Version 12.00
# Visual Studio Version 17
VisualStudioVersion = 17.1.32319.34
MinimumVisualStudioVersion = 10.0.40219.1
Project("{FAE04EC0-301F-11D3-BF4B-00C04F79EFBC}") = "Enum", "Enum\Enum.csproj", "{5D5F4A84-66FD-4897-93AA-BFA04395EE01}"
EndProject
Global
	GlobalSection(SolutionConfigurationPlatforms) = preSolution
		Debug|Any CPU = Debug|Any CPU
		Release|Any CPU = Release|Any CPU
	EndGlobalSection
	GlobalSection(ProjectConfigurationPlatforms) = postSolution
		{5D5F4A84-66FD-4897-93AA-BFA04395EE01}.Debug|Any CPU.ActiveCfg = Debug|Any CPU
		{5D5F4A84-66FD-4897-93AA-BFA04395EE01}.Debug|Any CPU.Build.0 = Debug|Any CPU
		{5D5F4A84-66FD-4897-93AA-BFA04395EE01}.Release|Any CPU.ActiveCfg = Release|Any CPU
		{5D5F4A84-66FD-4897-93AA-BFA04395EE01}.Release|Any CPU.Build.0 = Release|Any CPU
	EndGlobalSection
	GlobalSection(SolutionProperties) = preSolution
		HideSolutionNode = FALSE
	EndGlobalSection
	GlobalSection(ExtensibilityGlobals) = postSolution
		SolutionGuid = {09EAC02C-5F2D-4BDC-BFD7-DFB78F436FC1}
	EndGlobalSection
EndGlobal
