
Microsoft Visual Studio Solution File, Format Version 12.00
# Visual Studio Version 17
VisualStudioVersion = 17.1.32319.34
MinimumVisualStudioVersion = 10.0.40219.1
Project("{FAE04EC0-301F-11D3-BF4B-00C04F79EFBC}") = "CallByValue", "CallByValue\CallByValue.csproj", "{F5BC77BD-7277-45D9-80AD-319FC8A84183}"
EndProject
Global
	GlobalSection(SolutionConfigurationPlatforms) = preSolution
		Debug|Any CPU = Debug|Any CPU
		Release|Any CPU = Release|Any CPU
	EndGlobalSection
	GlobalSection(ProjectConfigurationPlatforms) = postSolution
		{F5BC77BD-7277-45D9-80AD-319FC8A84183}.Debug|Any CPU.ActiveCfg = Debug|Any CPU
		{F5BC77BD-7277-45D9-80AD-319FC8A84183}.Debug|Any CPU.Build.0 = Debug|Any CPU
		{F5BC77BD-7277-45D9-80AD-319FC8A84183}.Release|Any CPU.ActiveCfg = Release|Any CPU
		{F5BC77BD-7277-45D9-80AD-319FC8A84183}.Release|Any CPU.Build.0 = Release|Any CPU
	EndGlobalSection
	GlobalSection(SolutionProperties) = preSolution
		HideSolutionNode = FALSE
	EndGlobalSection
	GlobalSection(ExtensibilityGlobals) = postSolution
		SolutionGuid = {EC48F304-B67B-45F7-BD87-0F59F2558B7C}
	EndGlobalSection
EndGlobal
