
Microsoft Visual Studio Solution File, Format Version 12.00
# Visual Studio Version 17
VisualStudioVersion = 17.1.32319.34
MinimumVisualStudioVersion = 10.0.40219.1
Project("{FAE04EC0-301F-11D3-BF4B-00C04F79EFBC}") = "Switch", "Switch\Switch.csproj", "{E6013650-2E5D-46A6-835B-298FFC98B716}"
EndProject
Global
	GlobalSection(SolutionConfigurationPlatforms) = preSolution
		Debug|Any CPU = Debug|Any CPU
		Release|Any CPU = Release|Any CPU
	EndGlobalSection
	GlobalSection(ProjectConfigurationPlatforms) = postSolution
		{E6013650-2E5D-46A6-835B-298FFC98B716}.Debug|Any CPU.ActiveCfg = Debug|Any CPU
		{E6013650-2E5D-46A6-835B-298FFC98B716}.Debug|Any CPU.Build.0 = Debug|Any CPU
		{E6013650-2E5D-46A6-835B-298FFC98B716}.Release|Any CPU.ActiveCfg = Release|Any CPU
		{E6013650-2E5D-46A6-835B-298FFC98B716}.Release|Any CPU.Build.0 = Release|Any CPU
	EndGlobalSection
	GlobalSection(SolutionProperties) = preSolution
		HideSolutionNode = FALSE
	EndGlobalSection
	GlobalSection(ExtensibilityGlobals) = postSolution
		SolutionGuid = {1DDF6253-AE8E-4829-9239-77ACA8945E7E}
	EndGlobalSection
EndGlobal
