
Microsoft Visual Studio Solution File, Format Version 12.00
# Visual Studio Version 17
VisualStudioVersion = 17.1.32319.34
MinimumVisualStudioVersion = 10.0.40219.1
Project("{FAE04EC0-301F-11D3-BF4B-00C04F79EFBC}") = "JaggedArrays", "JaggedArrays\JaggedArrays.csproj", "{DE8BBBF5-222F-4A66-8431-1B7227A16154}"
EndProject
Global
	GlobalSection(SolutionConfigurationPlatforms) = preSolution
		Debug|Any CPU = Debug|Any CPU
		Release|Any CPU = Release|Any CPU
	EndGlobalSection
	GlobalSection(ProjectConfigurationPlatforms) = postSolution
		{DE8BBBF5-222F-4A66-8431-1B7227A16154}.Debug|Any CPU.ActiveCfg = Debug|Any CPU
		{DE8BBBF5-222F-4A66-8431-1B7227A16154}.Debug|Any CPU.Build.0 = Debug|Any CPU
		{DE8BBBF5-222F-4A66-8431-1B7227A16154}.Release|Any CPU.ActiveCfg = Release|Any CPU
		{DE8BBBF5-222F-4A66-8431-1B7227A16154}.Release|Any CPU.Build.0 = Release|Any CPU
	EndGlobalSection
	GlobalSection(SolutionProperties) = preSolution
		HideSolutionNode = FALSE
	EndGlobalSection
	GlobalSection(ExtensibilityGlobals) = postSolution
		SolutionGuid = {C72EDA32-952D-45B0-BA57-D45A41BC3001}
	EndGlobalSection
EndGlobal
