
Microsoft Visual Studio Solution File, Format Version 12.00
# Visual Studio Version 17
VisualStudioVersion = 17.2.32616.157
MinimumVisualStudioVersion = 10.0.40219.1
Project("{FAE04EC0-301F-11D3-BF4B-00C04F79EFBC}") = "Fibonacci", "Fibonacci\Fibonacci.csproj", "{4533F843-AA59-4320-B830-AF6F7148903C}"
EndProject
Global
	GlobalSection(SolutionConfigurationPlatforms) = preSolution
		Debug|Any CPU = Debug|Any CPU
		Release|Any CPU = Release|Any CPU
	EndGlobalSection
	GlobalSection(ProjectConfigurationPlatforms) = postSolution
		{4533F843-AA59-4320-B830-AF6F7148903C}.Debug|Any CPU.ActiveCfg = Debug|Any CPU
		{4533F843-AA59-4320-B830-AF6F7148903C}.Debug|Any CPU.Build.0 = Debug|Any CPU
		{4533F843-AA59-4320-B830-AF6F7148903C}.Release|Any CPU.ActiveCfg = Release|Any CPU
		{4533F843-AA59-4320-B830-AF6F7148903C}.Release|Any CPU.Build.0 = Release|Any CPU
	EndGlobalSection
	GlobalSection(SolutionProperties) = preSolution
		HideSolutionNode = FALSE
	EndGlobalSection
	GlobalSection(ExtensibilityGlobals) = postSolution
		SolutionGuid = {27A45ABF-A4E6-4BA8-8DA0-27CEAED0C5FB}
	EndGlobalSection
EndGlobal
