
Microsoft Visual Studio Solution File, Format Version 12.00
# Visual Studio Version 17
VisualStudioVersion = 17.1.32319.34
MinimumVisualStudioVersion = 10.0.40219.1
Project("{FAE04EC0-301F-11D3-BF4B-00C04F79EFBC}") = "StaticConstructor", "StaticConstructor\StaticConstructor.csproj", "{1FE002B4-4A75-4B1B-A624-CC443A9C94D4}"
EndProject
Global
	GlobalSection(SolutionConfigurationPlatforms) = preSolution
		Debug|Any CPU = Debug|Any CPU
		Release|Any CPU = Release|Any CPU
	EndGlobalSection
	GlobalSection(ProjectConfigurationPlatforms) = postSolution
		{1FE002B4-4A75-4B1B-A624-CC443A9C94D4}.Debug|Any CPU.ActiveCfg = Debug|Any CPU
		{1FE002B4-4A75-4B1B-A624-CC443A9C94D4}.Debug|Any CPU.Build.0 = Debug|Any CPU
		{1FE002B4-4A75-4B1B-A624-CC443A9C94D4}.Release|Any CPU.ActiveCfg = Release|Any CPU
		{1FE002B4-4A75-4B1B-A624-CC443A9C94D4}.Release|Any CPU.Build.0 = Release|Any CPU
	EndGlobalSection
	GlobalSection(SolutionProperties) = preSolution
		HideSolutionNode = FALSE
	EndGlobalSection
	GlobalSection(ExtensibilityGlobals) = postSolution
		SolutionGuid = {96CABA24-FCCF-489A-965E-2B352658E588}
	EndGlobalSection
EndGlobal
