
Microsoft Visual Studio Solution File, Format Version 12.00
# Visual Studio Version 17
VisualStudioVersion = 17.1.32328.378
MinimumVisualStudioVersion = 10.0.40219.1
Project("{FAE04EC0-301F-11D3-BF4B-00C04F79EFBC}") = "TextWriter", "TextWriter\TextWriter.csproj", "{73B3B72D-7357-4DBE-ADE1-211D061A5294}"
EndProject
Global
	GlobalSection(SolutionConfigurationPlatforms) = preSolution
		Debug|Any CPU = Debug|Any CPU
		Release|Any CPU = Release|Any CPU
	EndGlobalSection
	GlobalSection(ProjectConfigurationPlatforms) = postSolution
		{73B3B72D-7357-4DBE-ADE1-211D061A5294}.Debug|Any CPU.ActiveCfg = Debug|Any CPU
		{73B3B72D-7357-4DBE-ADE1-211D061A5294}.Debug|Any CPU.Build.0 = Debug|Any CPU
		{73B3B72D-7357-4DBE-ADE1-211D061A5294}.Release|Any CPU.ActiveCfg = Release|Any CPU
		{73B3B72D-7357-4DBE-ADE1-211D061A5294}.Release|Any CPU.Build.0 = Release|Any CPU
	EndGlobalSection
	GlobalSection(SolutionProperties) = preSolution
		HideSolutionNode = FALSE
	EndGlobalSection
	GlobalSection(ExtensibilityGlobals) = postSolution
		SolutionGuid = {D58A11B0-B572-4B75-BDD9-DB4D01E6D2E3}
	EndGlobalSection
EndGlobal
