
Microsoft Visual Studio Solution File, Format Version 12.00
# Visual Studio Version 17
VisualStudioVersion = 17.1.32319.34
MinimumVisualStudioVersion = 10.0.40219.1
Project("{FAE04EC0-301F-11D3-BF4B-00C04F79EFBC}") = "Aggregation", "Aggregation\Aggregation.csproj", "{FEF99BAC-6479-4C4E-87F2-D8F74238A272}"
EndProject
Global
	GlobalSection(SolutionConfigurationPlatforms) = preSolution
		Debug|Any CPU = Debug|Any CPU
		Release|Any CPU = Release|Any CPU
	EndGlobalSection
	GlobalSection(ProjectConfigurationPlatforms) = postSolution
		{FEF99BAC-6479-4C4E-87F2-D8F74238A272}.Debug|Any CPU.ActiveCfg = Debug|Any CPU
		{FEF99BAC-6479-4C4E-87F2-D8F74238A272}.Debug|Any CPU.Build.0 = Debug|Any CPU
		{FEF99BAC-6479-4C4E-87F2-D8F74238A272}.Release|Any CPU.ActiveCfg = Release|Any CPU
		{FEF99BAC-6479-4C4E-87F2-D8F74238A272}.Release|Any CPU.Build.0 = Release|Any CPU
	EndGlobalSection
	GlobalSection(SolutionProperties) = preSolution
		HideSolutionNode = FALSE
	EndGlobalSection
	GlobalSection(ExtensibilityGlobals) = postSolution
		SolutionGuid = {36A675CB-CDF5-46AC-9C2F-EC61570EEB8F}
	EndGlobalSection
EndGlobal
