
Microsoft Visual Studio Solution File, Format Version 12.00
# Visual Studio Version 17
VisualStudioVersion = 17.1.32328.378
MinimumVisualStudioVersion = 10.0.40219.1
Project("{FAE04EC0-301F-11D3-BF4B-00C04F79EFBC}") = "Delegates", "Delegates\Delegates.csproj", "{AF45CFC7-FBF8-4063-A06D-F734C4ACB65D}"
EndProject
Global
	GlobalSection(SolutionConfigurationPlatforms) = preSolution
		Debug|Any CPU = Debug|Any CPU
		Release|Any CPU = Release|Any CPU
	EndGlobalSection
	GlobalSection(ProjectConfigurationPlatforms) = postSolution
		{AF45CFC7-FBF8-4063-A06D-F734C4ACB65D}.Debug|Any CPU.ActiveCfg = Debug|Any CPU
		{AF45CFC7-FBF8-4063-A06D-F734C4ACB65D}.Debug|Any CPU.Build.0 = Debug|Any CPU
		{AF45CFC7-FBF8-4063-A06D-F734C4ACB65D}.Release|Any CPU.ActiveCfg = Release|Any CPU
		{AF45CFC7-FBF8-4063-A06D-F734C4ACB65D}.Release|Any CPU.Build.0 = Release|Any CPU
	EndGlobalSection
	GlobalSection(SolutionProperties) = preSolution
		HideSolutionNode = FALSE
	EndGlobalSection
	GlobalSection(ExtensibilityGlobals) = postSolution
		SolutionGuid = {F793F23D-2C81-406F-BCAD-9173BB6431C5}
	EndGlobalSection
EndGlobal
