
Microsoft Visual Studio Solution File, Format Version 12.00
# Visual Studio Version 17
VisualStudioVersion = 17.1.32319.34
MinimumVisualStudioVersion = 10.0.40219.1
Project("{FAE04EC0-301F-11D3-BF4B-00C04F79EFBC}") = "Static", "Static\Static.csproj", "{E2C3395C-154A-4555-AA6F-C331DED032E7}"
EndProject
Global
	GlobalSection(SolutionConfigurationPlatforms) = preSolution
		Debug|Any CPU = Debug|Any CPU
		Release|Any CPU = Release|Any CPU
	EndGlobalSection
	GlobalSection(ProjectConfigurationPlatforms) = postSolution
		{E2C3395C-154A-4555-AA6F-C331DED032E7}.Debug|Any CPU.ActiveCfg = Debug|Any CPU
		{E2C3395C-154A-4555-AA6F-C331DED032E7}.Debug|Any CPU.Build.0 = Debug|Any CPU
		{E2C3395C-154A-4555-AA6F-C331DED032E7}.Release|Any CPU.ActiveCfg = Release|Any CPU
		{E2C3395C-154A-4555-AA6F-C331DED032E7}.Release|Any CPU.Build.0 = Release|Any CPU
	EndGlobalSection
	GlobalSection(SolutionProperties) = preSolution
		HideSolutionNode = FALSE
	EndGlobalSection
	GlobalSection(ExtensibilityGlobals) = postSolution
		SolutionGuid = {93924D21-47C7-45B1-AAC6-5E5BF7D3CFA0}
	EndGlobalSection
EndGlobal
